
Microsoft Visual Studio Solution File, Format Version 12.00
# Visual Studio Version 16
VisualStudioVersion = 16.0.30907.101
MinimumVisualStudioVersion = 10.0.40219.1
Project("{FAE04EC0-301F-11D3-BF4B-00C04F79EFBC}") = "calories", "calories\calories.csproj", "{C3052255-B18D-4147-9A66-BE5A480BBF4E}"
EndProject
Global
	GlobalSection(SolutionConfigurationPlatforms) = preSolution
		Debug|Any CPU = Debug|Any CPU
		Release|Any CPU = Release|Any CPU
	EndGlobalSection
	GlobalSection(ProjectConfigurationPlatforms) = postSolution
		{C3052255-B18D-4147-9A66-BE5A480BBF4E}.Debug|Any CPU.ActiveCfg = Debug|Any CPU
		{C3052255-B18D-4147-9A66-BE5A480BBF4E}.Debug|Any CPU.Build.0 = Debug|Any CPU
		{C3052255-B18D-4147-9A66-BE5A480BBF4E}.Release|Any CPU.ActiveCfg = Release|Any CPU
		{C3052255-B18D-4147-9A66-BE5A480BBF4E}.Release|Any CPU.Build.0 = Release|Any CPU
	EndGlobalSection
	GlobalSection(SolutionProperties) = preSolution
		HideSolutionNode = FALSE
	EndGlobalSection
	GlobalSection(ExtensibilityGlobals) = postSolution
		SolutionGuid = {CE335347-3215-4F37-9F4A-4A2E91DB90B7}
	EndGlobalSection
EndGlobal
